
Microsoft Visual Studio Solution File, Format Version 12.00
# Visual Studio Version 17
VisualStudioVersion = 17.3.32929.385
MinimumVisualStudioVersion = 10.0.40219.1
Project("{9A19103F-16F7-4668-BE54-9A1E7A4F7556}") = "TvShow.Info.Api", "src\TvShow.Info.Api\TvShow.Info.Api.csproj", "{22899CF3-40CB-4963-983E-123FD496D6AB}"
EndProject
Project("{FAE04EC0-301F-11D3-BF4B-00C04F79EFBC}") = "TvShow.Info.Api.Tests", "tests\TvShow.Info.Api.Tests\TvShow.Info.Api.Tests.csproj", "{862ADF56-9E73-47DE-9384-AC24D9B0AF58}"
EndProject
Global
	GlobalSection(SolutionConfigurationPlatforms) = preSolution
		Debug|Any CPU = Debug|Any CPU
		Release|Any CPU = Release|Any CPU
	EndGlobalSection
	GlobalSection(ProjectConfigurationPlatforms) = postSolution
		{22899CF3-40CB-4963-983E-123FD496D6AB}.Debug|Any CPU.ActiveCfg = Debug|Any CPU
		{22899CF3-40CB-4963-983E-123FD496D6AB}.Debug|Any CPU.Build.0 = Debug|Any CPU
		{22899CF3-40CB-4963-983E-123FD496D6AB}.Release|Any CPU.ActiveCfg = Release|Any CPU
		{22899CF3-40CB-4963-983E-123FD496D6AB}.Release|Any CPU.Build.0 = Release|Any CPU
		{862ADF56-9E73-47DE-9384-AC24D9B0AF58}.Debug|Any CPU.ActiveCfg = Debug|Any CPU
		{862ADF56-9E73-47DE-9384-AC24D9B0AF58}.Debug|Any CPU.Build.0 = Debug|Any CPU
		{862ADF56-9E73-47DE-9384-AC24D9B0AF58}.Release|Any CPU.ActiveCfg = Release|Any CPU
		{862ADF56-9E73-47DE-9384-AC24D9B0AF58}.Release|Any CPU.Build.0 = Release|Any CPU
	EndGlobalSection
	GlobalSection(SolutionProperties) = preSolution
		HideSolutionNode = FALSE
	EndGlobalSection
	GlobalSection(ExtensibilityGlobals) = postSolution
		SolutionGuid = {B6E2CAF3-25DD-44BD-8A5E-77AC96ED4E50}
	EndGlobalSection
EndGlobal
